// !$*UTF8*$!
{
	archiveVersion = 1;
	classes = {
	};
	objectVersion = 46;
	objects = {

/* Begin PBXBuildFile section */
		D581AA611EB86A4700707D81 /* AppDelegate.swift in Sources */ = {isa = PBXBuildFile; fileRef = D581AA601EB86A4700707D81 /* AppDelegate.swift */; };
		D581AA631EB86A4700707D81 /* ViewController.swift in Sources */ = {isa = PBXBuildFile; fileRef = D581AA621EB86A4700707D81 /* ViewController.swift */; };
		D581AA661EB86A4700707D81 /* Main.storyboard in Resources */ = {isa = PBXBuildFile; fileRef = D581AA641EB86A4700707D81 /* Main.storyboard */; };
		D581AA681EB86A4700707D81 /* Assets.xcassets in Resources */ = {isa = PBXBuildFile; fileRef = D581AA671EB86A4700707D81 /* Assets.xcassets */; };
		D581AA6B1EB86A4700707D81 /* LaunchScreen.storyboard in Resources */ = {isa = PBXBuildFile; fileRef = D581AA691EB86A4700707D81 /* LaunchScreen.storyboard */; };
/* End PBXBuildFile section */

/* Begin PBXFileReference section */
		D581AA5D1EB86A4700707D81 /* TCParallax.app */ = {isa = PBXFileReference; explicitFileType = wrapper.application; includeInIndex = 0; path = TCParallax.app; sourceTree = BUILT_PRODUCTS_DIR; };
		D581AA601EB86A4700707D81 /* AppDelegate.swift */ = {isa = PBXFileReference; lastKnownFileType = sourcecode.swift; path = AppDelegate.swift; sourceTree = "<group>"; };
		D581AA621EB86A4700707D81 /* ViewController.swift */ = {isa = PBXFileReference; lastKnownFileType = sourcecode.swift; path = ViewController.swift; sourceTree = "<group>"; };
		D581AA651EB86A4700707D81 /* Base */ = {isa = PBXFileReference; lastKnownFileType = file.storyboard; name = Base; path = Base.lproj/Main.storyboard; sourceTree = "<group>"; };
		D581AA671EB86A4700707D81 /* Assets.xcassets */ = {isa = PBXFileReference; lastKnownFileType = folder.assetcatalog; path = Assets.xcassets; sourceTree = "<group>"; };
		D581AA6A1EB86A4700707D81 /* Base */ = {isa = PBXFileReference; lastKnownFileType = file.storyboard; name = Base; path = Base.lproj/LaunchScreen.storyboard; sourceTree = "<group>"; };
		D581AA6C1EB86A4700707D81 /* Info.plist */ = {isa = PBXFileReference; lastKnownFileType = text.plist.xml; path = Info.plist; sourceTree = "<group>"; };
/* End PBXFileReference section */

/* Begin PBXFrameworksBuildPhase section */
		D581AA5A1EB86A4700707D81 /* Frameworks */ = {
			isa = PBXFrameworksBuildPhase;
			buildActionMask = 2147483647;
			files = (
			);
			runOnlyForDeploymentPostprocessing = 0;
		};
/* End PBXFrameworksBuildPhase section */

/* Begin PBXGroup section */
		D581AA541EB86A4700707D81 = {
			isa = PBXGroup;
			children = (
				D581AA5F1EB86A4700707D81 /* TCParallax */,
				D581AA5E1EB86A4700707D81 /* Products */,
			);
			sourceTree = "<group>";
		};
		D581AA5E1EB86A4700707D81 /* Products */ = {
			isa = PBXGroup;
			children = (
				D581AA5D1EB86A4700707D81 /* TCParallax.app */,
			);
			name = Products;
			sourceTree = "<group>";
		};
		D581AA5F1EB86A4700707D81 /* TCParallax */ = {
			isa = PBXGroup;
			children = (
				D581AA601EB86A4700707D81 /* AppDelegate.swift */,
				D581AA621EB86A4700707D81 /* ViewController.swift */,
				D581AA641EB86A4700707D81 /* Main.storyboard */,
				D581AA671EB86A4700707D81 /* Assets.xcassets */,
				D581AA691EB86A4700707D81 /* LaunchScreen.storyboard */,
				D581AA6C1EB86A4700707D81 /* Info.plist */,
			);
			path = TCParallax;
			sourceTree = "<group>";
		};
/* End PBXGroup section */

/* Begin PBXNativeTarget section */
		D581AA5C1EB86A4700707D81 /* TCParallax */ = {
			isa = PBXNativeTarget;
			buildConfigurationList = D581AA6F1EB86A4700707D81 /* Build configuration list for PBXNativeTarget "TCParallax" */;
			buildPhases = (
				D581AA591EB86A4700707D81 /* Sources */,
				D581AA5A1EB86A4700707D81 /* Frameworks */,
				D581AA5B1EB86A4700707D81 /* Resources */,
			);
			buildRules = (
			);
			dependencies = (
			);
			name = TCParallax;
			productName = TCParallax;
			productReference = D581AA5D1EB86A4700707D81 /* TCParallax.app */;
			productType = "com.apple.product-type.application";
		};
/* End PBXNativeTarget section */

/* Begin PBXProject section */
		D581AA551EB86A4700707D81 /* Project object */ = {
			isa = PBXProject;
			attributes = {
				LastSwiftUpdateCheck = 0830;
				LastUpgradeCheck = 0830;
				ORGANIZATIONNAME = "谈超";
				TargetAttributes = {
					D581AA5C1EB86A4700707D81 = {
						CreatedOnToolsVersion = 8.3.2;
						ProvisioningStyle = Automatic;
					};
				};
			};
			buildConfigurationList = D581AA581EB86A4700707D81 /* Build configuration list for PBXProject "TCParallax" */;
			compatibilityVersion = "Xcode 3.2";
			developmentRegion = English;
			hasScannedForEncodings = 0;
			knownRegions = (
				en,
				Base,
			);
			mainGroup = D581AA541EB86A4700707D81;
			productRefGroup = D581AA5E1EB86A4700707D81 /* Products */;
			projectDirPath = "";
			projectRoot = "";
			targets = (
				D581AA5C1EB86A4700707D81 /* TCParallax */,
			);
		};
/* End PBXProject section */

/* Begin PBXResourcesBuildPhase section */
		D581AA5B1EB86A4700707D81 /* Resources */ = {
			isa = PBXResourcesBuildPhase;
			buildActionMask = 2147483647;
			files = (
				D581AA6B1EB86A4700707D81 /* LaunchScreen.storyboard in Resources */,
				D581AA681EB86A4700707D81 /* Assets.xcassets in Resources */,
				D581AA661EB86A4700707D81 /* Main.storyboard in Resources */,
			);
			runOnlyForDeploymentPostprocessing = 0;
		};
/* End PBXResourcesBuildPhase section */

/* Begin PBXSourcesBuildPhase section */
		D581AA591EB86A4700707D81 /* Sources */ = {
			isa = PBXSourcesBuildPhase;
			buildActionMask = 2147483647;
			files = (
				D581AA631EB86A4700707D81 /* ViewController.swift in Sources */,
				D581AA611EB86A4700707D81 /* AppDelegate.swift in Sources */,
			);
			runOnlyForDeploymentPostprocessing = 0;
		};
/* End PBXSourcesBuildPhase section */

/* Begin PBXVariantGroup section */
		D581AA641EB86A4700707D81 /* Main.storyboard */ = {
			isa = PBXVariantGroup;
			children = (
				D581AA651EB86A4700707D81 /* Base */,
			);
			name = Main.storyboard;
			sourceTree = "<group>";
		};
		D581AA691EB86A4700707D81 /* LaunchScreen.storyboard */ = {
			isa = PBXVariantGroup;
			children = (
				D581AA6A1EB86A4700707D81 /* Base */,
			);
			name = LaunchScreen.storyboard;
			sourceTree = "<group>";
		};
/* End PBXVariantGroup section */

/* Begin XCBuildConfiguration section */
		D581AA6D1EB86A4700707D81 /* Debug */ = {
			isa = XCBuildConfiguration;
			buildSettings = {
				ALWAYS_SEARCH_USER_PATHS = NO;
				CLANG_ANALYZER_NONNULL = YES;
				CLANG_ANALYZER_NUMBER_OBJECT_CONVERSION = YES_AGGRESSIVE;
				CLANG_CXX_LANGUAGE_STANDARD = "gnu++0x";
				CLANG_CXX_LIBRARY = "libc++";
				CLANG_ENABLE_MODULES = YES;
				CLANG_ENABLE_OBJC_ARC = YES;
				CLANG_WARN_BOOL_CONVERSION = YES;
				CLANG_WARN_CONSTANT_CONVERSION = YES;
				CLANG_WARN_DIRECT_OBJC_ISA_USAGE = YES_ERROR;
				CLANG_WARN_DOCUMENTATION_COMMENTS = YES;
				CLANG_WARN_EMPTY_BODY = YES;
				CLANG_WARN_ENUM_CONVERSION = YES;
				CLANG_WARN_INFINITE_RECURSION = YES;
				CLANG_WARN_INT_CONVERSION = YES;
				CLANG_WARN_OBJC_ROOT_CLASS = YES_ERROR;
				CLANG_WARN_SUSPICIOUS_MOVE = YES;
				CLANG_WARN_UNREACHABLE_CODE = YES;
				CLANG_WARN__DUPLICATE_METHOD_MATCH = YES;
				"CODE_SIGN_IDENTITY[sdk=iphoneos*]" = "iPhone Developer";
				COPY_PHASE_STRIP = NO;
				DEBUG_INFORMATION_FORMAT = dwarf;
				ENABLE_STRICT_OBJC_MSGSEND = YES;
				ENABLE_TESTABILITY = YES;
				GCC_C_LANGUAGE_STANDARD = gnu99;
				GCC_DYNAMIC_NO_PIC = NO;
				GCC_NO_COMMON_BLOCKS = YES;
				GCC_OPTIMIZATION_LEVEL = 0;
				GCC_PREPROCESSOR_DEFINITIONS = (
					"DEBUG=1",
					"$(inherited)",
				);
				GCC_WARN_64_TO_32_BIT_CONVERSION = YES;
				GCC_WARN_ABOUT_RETURN_TYPE = YES_ERROR;
				GCC_WARN_UNDECLARED_SELECTOR = YES;
				GCC_WARN_UNINITIALIZED_AUTOS = YES_AGGRESSIVE;
				GCC_WARN_UNUSED_FUNCTION = YES;
				GCC_WARN_UNUSED_VARIABLE = YES;
				IPHONEOS_DEPLOYMENT_TARGET = 10.3;
				MTL_ENABLE_DEBUG_INFO = YES;
				ONLY_ACTIVE_ARCH = YES;
				SDKROOT = iphoneos;
				SWIFT_ACTIVE_COMPILATION_CONDITIONS = DEBUG;
				SWIFT_OPTIMIZATION_LEVEL = "-Onone";
			};
			name = Debug;
		};
		D581AA6E1EB86A4700707D81 /* Release */ = {
			isa = XCBuildConfiguration;
			buildSettings = {
				ALWAYS_SEARCH_USER_PATHS = NO;
				CLANG_ANALYZER_NONNULL = YES;
				CLANG_ANALYZER_NUMBER_OBJECT_CONVERSION = YES_AGGRESSIVE;
				CLANG_CXX_LANGUAGE_STANDARD = "gnu++0x";
				CLANG_CXX_LIBRARY = "libc++";
				CLANG_ENABLE_MODULES = YES;
				CLANG_ENABLE_OBJC_ARC = YES;
				CLANG_WARN_BOOL_CONVERSION = YES;
				CLANG_WARN_CONSTANT_CONVERSION = YES;
				CLANG_WARN_DIRECT_OBJC_ISA_USAGE = YES_ERROR;
				CLANG_WARN_DOCUMENTATION_COMMENTS = YES;
				CLANG_WARN_EMPTY_BODY = YES;
				CLANG_WARN_ENUM_CONVERSION = YES;
				CLANG_WARN_INFINITE_RECURSION = YES;
				CLANG_WARN_INT_CONVERSION = YES;
				CLANG_WARN_OBJC_ROOT_CLASS = YES_ERROR;
				CLANG_WARN_SUSPICIOUS_MOVE = YES;
				CLANG_WARN_UNREACHABLE_CODE = YES;
				CLANG_WARN__DUPLICATE_METHOD_MATCH = YES;
				"CODE_SIGN_IDENTITY[sdk=iphoneos*]" = "iPhone Developer";
				COPY_PHASE_STRIP = NO;
				DEBUG_INFORMATION_FORMAT = "dwarf-with-dsym";
				ENABLE_NS_ASSERTIONS = NO;
				ENABLE_STRICT_OBJC_MSGSEND = YES;
				GCC_C_LANGUAGE_STANDARD = gnu99;
				GCC_NO_COMMON_BLOCKS = YES;
				GCC_WARN_64_TO_32_BIT_CONVERSION = YES;
				GCC_WARN_ABOUT_RETURN_TYPE = YES_ERROR;
				GCC_WARN_UNDECLARED_SELECTOR = YES;
				GCC_WARN_UNINITIALIZED_AUTOS = YES_AGGRESSIVE;
				GCC_WARN_UNUSED_FUNCTION = YES;
				GCC_WARN_UNUSED_VARIABLE = YES;
				IPHONEOS_DEPLOYMENT_TARGET = 10.3;
				MTL_ENABLE_DEBUG_INFO = NO;
				SDKROOT = iphoneos;
				SWIFT_OPTIMIZATION_LEVEL = "-Owholemodule";
				VALIDATE_PRODUCT = YES;
			};
			name = Release;
		};
		D581AA701EB86A4700707D81 /* Debug */ = {
			isa = XCBuildConfiguration;
			buildSettings = {
				ASSETCATALOG_COMPILER_APPICON_NAME = AppIcon;
				INFOPLIST_FILE = TCParallax/Info.plist;
				LD_RUNPATH_SEARCH_PATHS = "$(inherited) @executable_path/Frameworks";
				PRODUCT_BUNDLE_IDENTIFIER = com.tanchao.TCParallax;
				PRODUCT_NAME = "$(TARGET_NAME)";
				SWIFT_VERSION = 3.0;
			};
			name = Debug;
		};
		D581AA711EB86A4700707D81 /* Release */ = {
			isa = XCBuildConfiguration;
			buildSettings = {
				ASSETCATALOG_COMPILER_APPICON_NAME = AppIcon;
				INFOPLIST_FILE = TCParallax/Info.plist;
				LD_RUNPATH_SEARCH_PATHS = "$(inherited) @executable_path/Frameworks";
				PRODUCT_BUNDLE_IDENTIFIER = com.tanchao.TCParallax;
				PRODUCT_NAME = "$(TARGET_NAME)";
				SWIFT_VERSION = 3.0;
			};
			name = Release;
		};
/* End XCBuildConfiguration section */

/* Begin XCConfigurationList section */
		D581AA581EB86A4700707D81 /* Build configuration list for PBXProject "TCParallax" */ = {
			isa = XCConfigurationList;
			buildConfigurations = (
				D581AA6D1EB86A4700707D81 /* Debug */,
				D581AA6E1EB86A4700707D81 /* Release */,
			);
			defaultConfigurationIsVisible = 0;
			defaultConfigurationName = Release;
		};
		D581AA6F1EB86A4700707D81 /* Build configuration list for PBXNativeTarget "TCParallax" */ = {
			isa = XCConfigurationList;
			buildConfigurations = (
				D581AA701EB86A4700707D81 /* Debug */,
				D581AA711EB86A4700707D81 /* Release */,
			);
			defaultConfigurationIsVisible = 0;
		};
/* End XCConfigurationList section */
	};
	rootObject = D581AA551EB86A4700707D81 /* Project object */;
}
